
Microsoft Visual Studio Solution File, Format Version 12.00
# Visual Studio Version 16
VisualStudioVersion = 16.0.29326.143
MinimumVisualStudioVersion = 10.0.40219.1
Project("{FAE04EC0-301F-11D3-BF4B-00C04F79EFBC}") = "TestProject", "TestProject\TestProject.csproj", "{01EC52E4-2504-4CF8-B204-6CBB79174166}"
EndProject
Global
	GlobalSection(SolutionConfigurationPlatforms) = preSolution
		Debug|Any CPU = Debug|Any CPU
		Release|Any CPU = Release|Any CPU
	EndGlobalSection
	GlobalSection(ProjectConfigurationPlatforms) = postSolution
		{01EC52E4-2504-4CF8-B204-6CBB79174166}.Debug|Any CPU.ActiveCfg = Debug|Any CPU
		{01EC52E4-2504-4CF8-B204-6CBB79174166}.Debug|Any CPU.Build.0 = Debug|Any CPU
		{01EC52E4-2504-4CF8-B204-6CBB79174166}.Release|Any CPU.ActiveCfg = Release|Any CPU
		{01EC52E4-2504-4CF8-B204-6CBB79174166}.Release|Any CPU.Build.0 = Release|Any CPU
	EndGlobalSection
	GlobalSection(SolutionProperties) = preSolution
		HideSolutionNode = FALSE
	EndGlobalSection
	GlobalSection(ExtensibilityGlobals) = postSolution
		SolutionGuid = {B1FDDA7E-9915-4CEF-BC73-8131E7D52B66}
	EndGlobalSection
EndGlobal
